
Microsoft Visual Studio Solution File, Format Version 12.00
# Visual Studio Version 17
VisualStudioVersion = 17.1.32421.90
MinimumVisualStudioVersion = 10.0.40219.1
Project("{9A19103F-16F7-4668-BE54-9A1E7A4F7556}") = "MovieDatabase", "MovieDatabase\MovieDatabase.csproj", "{6B7E2288-5AA8-4FE3-86CE-B747F8462224}"
EndProject
Project("{9A19103F-16F7-4668-BE54-9A1E7A4F7556}") = "MovieDatabase.DAL.EfCore", "MovieDatabase.DAL.EfCore\MovieDatabase.DAL.EfCore.csproj", "{E8D7D73C-39BA-4388-B421-B7D3ED5FB1B3}"
EndProject
Project("{9A19103F-16F7-4668-BE54-9A1E7A4F7556}") = "MovieDatabase.Infrastructure.EfCore", "MovieDatabase.Infrastructure.EfCore\MovieDatabase.Infrastructure.EfCore.csproj", "{ABD77B4E-16D4-4EB8-B134-0D312F79AE86}"
EndProject
Project("{9A19103F-16F7-4668-BE54-9A1E7A4F7556}") = "MovieDatabase.Infrastructure", "MovieDatabase.Infrastructure\MovieDatabase.Infrastructure.csproj", "{4550BC46-62BF-4BD8-AB5E-F42E7CA30AEE}"
EndProject
Project("{9A19103F-16F7-4668-BE54-9A1E7A4F7556}") = "MovieDatabase.Infrastructure.EFCore.Tests", "MovieDatabase.Infrastructure.EFCore.Tests\MovieDatabase.Infrastructure.EFCore.Tests.csproj", "{66A74FBB-43CA-4BF4-AC7D-A3326D2BE17D}"
EndProject
Project("{FAE04EC0-301F-11D3-BF4B-00C04F79EFBC}") = "MovieDatabase.BL", "MovieDatabase.BL\MovieDatabase.BL.csproj", "{9CE244EE-4935-4799-A3E3-16DC0D477B83}"
EndProject
Project("{FAE04EC0-301F-11D3-BF4B-00C04F79EFBC}") = "MovieDatabase.Shared", "MovieDatabase.Shared\MovieDatabase.Shared.csproj", "{D88E50EC-793D-423D-906B-2C20E54E642D}"
EndProject
Global
	GlobalSection(SolutionConfigurationPlatforms) = preSolution
		Debug|Any CPU = Debug|Any CPU
		Release|Any CPU = Release|Any CPU
	EndGlobalSection
	GlobalSection(ProjectConfigurationPlatforms) = postSolution
		{6B7E2288-5AA8-4FE3-86CE-B747F8462224}.Debug|Any CPU.ActiveCfg = Debug|Any CPU
		{6B7E2288-5AA8-4FE3-86CE-B747F8462224}.Debug|Any CPU.Build.0 = Debug|Any CPU
		{6B7E2288-5AA8-4FE3-86CE-B747F8462224}.Release|Any CPU.ActiveCfg = Release|Any CPU
		{6B7E2288-5AA8-4FE3-86CE-B747F8462224}.Release|Any CPU.Build.0 = Release|Any CPU
		{E8D7D73C-39BA-4388-B421-B7D3ED5FB1B3}.Debug|Any CPU.ActiveCfg = Debug|Any CPU
		{E8D7D73C-39BA-4388-B421-B7D3ED5FB1B3}.Debug|Any CPU.Build.0 = Debug|Any CPU
		{E8D7D73C-39BA-4388-B421-B7D3ED5FB1B3}.Release|Any CPU.ActiveCfg = Release|Any CPU
		{E8D7D73C-39BA-4388-B421-B7D3ED5FB1B3}.Release|Any CPU.Build.0 = Release|Any CPU
		{ABD77B4E-16D4-4EB8-B134-0D312F79AE86}.Debug|Any CPU.ActiveCfg = Debug|Any CPU
		{ABD77B4E-16D4-4EB8-B134-0D312F79AE86}.Debug|Any CPU.Build.0 = Debug|Any CPU
		{ABD77B4E-16D4-4EB8-B134-0D312F79AE86}.Release|Any CPU.ActiveCfg = Release|Any CPU
		{ABD77B4E-16D4-4EB8-B134-0D312F79AE86}.Release|Any CPU.Build.0 = Release|Any CPU
		{4550BC46-62BF-4BD8-AB5E-F42E7CA30AEE}.Debug|Any CPU.ActiveCfg = Debug|Any CPU
		{4550BC46-62BF-4BD8-AB5E-F42E7CA30AEE}.Debug|Any CPU.Build.0 = Debug|Any CPU
		{4550BC46-62BF-4BD8-AB5E-F42E7CA30AEE}.Release|Any CPU.ActiveCfg = Release|Any CPU
		{4550BC46-62BF-4BD8-AB5E-F42E7CA30AEE}.Release|Any CPU.Build.0 = Release|Any CPU
		{66A74FBB-43CA-4BF4-AC7D-A3326D2BE17D}.Debug|Any CPU.ActiveCfg = Debug|Any CPU
		{66A74FBB-43CA-4BF4-AC7D-A3326D2BE17D}.Debug|Any CPU.Build.0 = Debug|Any CPU
		{66A74FBB-43CA-4BF4-AC7D-A3326D2BE17D}.Release|Any CPU.ActiveCfg = Release|Any CPU
		{66A74FBB-43CA-4BF4-AC7D-A3326D2BE17D}.Release|Any CPU.Build.0 = Release|Any CPU
		{9CE244EE-4935-4799-A3E3-16DC0D477B83}.Debug|Any CPU.ActiveCfg = Debug|Any CPU
		{9CE244EE-4935-4799-A3E3-16DC0D477B83}.Debug|Any CPU.Build.0 = Debug|Any CPU
		{9CE244EE-4935-4799-A3E3-16DC0D477B83}.Release|Any CPU.ActiveCfg = Release|Any CPU
		{9CE244EE-4935-4799-A3E3-16DC0D477B83}.Release|Any CPU.Build.0 = Release|Any CPU
		{D88E50EC-793D-423D-906B-2C20E54E642D}.Debug|Any CPU.ActiveCfg = Debug|Any CPU
		{D88E50EC-793D-423D-906B-2C20E54E642D}.Debug|Any CPU.Build.0 = Debug|Any CPU
		{D88E50EC-793D-423D-906B-2C20E54E642D}.Release|Any CPU.ActiveCfg = Release|Any CPU
		{D88E50EC-793D-423D-906B-2C20E54E642D}.Release|Any CPU.Build.0 = Release|Any CPU
	EndGlobalSection
	GlobalSection(SolutionProperties) = preSolution
		HideSolutionNode = FALSE
	EndGlobalSection
	GlobalSection(ExtensibilityGlobals) = postSolution
		SolutionGuid = {A3F59ECB-BB5E-4EC4-9301-D8E0906F510E}
	EndGlobalSection
EndGlobal
