
Microsoft Visual Studio Solution File, Format Version 12.00
# Visual Studio Version 17
VisualStudioVersion = 17.1.32421.90
MinimumVisualStudioVersion = 10.0.40219.1
Project("{FAE04EC0-301F-11D3-BF4B-00C04F79EFBC}") = "movie-database", "movie-database\movie-database.csproj", "{08516047-8763-44C7-9C3F-158EDA78EFF1}"
EndProject
Global
	GlobalSection(SolutionConfigurationPlatforms) = preSolution
		Debug|Any CPU = Debug|Any CPU
		Release|Any CPU = Release|Any CPU
	EndGlobalSection
	GlobalSection(ProjectConfigurationPlatforms) = postSolution
		{08516047-8763-44C7-9C3F-158EDA78EFF1}.Debug|Any CPU.ActiveCfg = Debug|Any CPU
		{08516047-8763-44C7-9C3F-158EDA78EFF1}.Debug|Any CPU.Build.0 = Debug|Any CPU
		{08516047-8763-44C7-9C3F-158EDA78EFF1}.Release|Any CPU.ActiveCfg = Release|Any CPU
		{08516047-8763-44C7-9C3F-158EDA78EFF1}.Release|Any CPU.Build.0 = Release|Any CPU
	EndGlobalSection
	GlobalSection(SolutionProperties) = preSolution
		HideSolutionNode = FALSE
	EndGlobalSection
	GlobalSection(ExtensibilityGlobals) = postSolution
		SolutionGuid = {A3F59ECB-BB5E-4EC4-9301-D8E0906F510E}
	EndGlobalSection
EndGlobal
